
Microsoft Visual Studio Solution File, Format Version 12.00
# Visual Studio Version 17
VisualStudioVersion = 17.4.33205.214
MinimumVisualStudioVersion = 10.0.40219.1
Project("{FAE04EC0-301F-11D3-BF4B-00C04F79EFBC}") = "TravelTicket", "TravelTicket\TravelTicket.csproj", "{BE42EDBD-48A5-4A29-911D-9A5C5B42D1BD}"
EndProject
Global
	GlobalSection(SolutionConfigurationPlatforms) = preSolution
		Debug|Any CPU = Debug|Any CPU
		Release|Any CPU = Release|Any CPU
	EndGlobalSection
	GlobalSection(ProjectConfigurationPlatforms) = postSolution
		{BE42EDBD-48A5-4A29-911D-9A5C5B42D1BD}.Debug|Any CPU.ActiveCfg = Debug|Any CPU
		{BE42EDBD-48A5-4A29-911D-9A5C5B42D1BD}.Debug|Any CPU.Build.0 = Debug|Any CPU
		{BE42EDBD-48A5-4A29-911D-9A5C5B42D1BD}.Release|Any CPU.ActiveCfg = Release|Any CPU
		{BE42EDBD-48A5-4A29-911D-9A5C5B42D1BD}.Release|Any CPU.Build.0 = Release|Any CPU
	EndGlobalSection
	GlobalSection(SolutionProperties) = preSolution
		HideSolutionNode = FALSE
	EndGlobalSection
	GlobalSection(ExtensibilityGlobals) = postSolution
		SolutionGuid = {46A9B8CB-CA88-4B1E-B6B5-51BF850A1250}
	EndGlobalSection
EndGlobal
